
Microsoft Visual Studio Solution File, Format Version 12.00
# Visual Studio 15
VisualStudioVersion = 15.0.28010.2036
MinimumVisualStudioVersion = 10.0.40219.1
Project("{E24C65DC-7377-472B-9ABA-BC803B73C61A}") = "Junat_ryhmätyö_vko4", "Junat_ryhmätyö_vko4\", "{09A3887A-F164-4F86-B2AF-FA5ED47E48ED}"
	ProjectSection(WebsiteProperties) = preProject
		TargetFrameworkMoniker = ".NETFramework,Version%3Dv4.6.1"
		Debug.AspNetCompiler.VirtualPath = "/localhost_55481"
		Debug.AspNetCompiler.PhysicalPath = "Junat_ryhmätyö_vko4\"
		Debug.AspNetCompiler.TargetPath = "PrecompiledWeb\localhost_55481\"
		Debug.AspNetCompiler.Updateable = "true"
		Debug.AspNetCompiler.ForceOverwrite = "true"
		Debug.AspNetCompiler.FixedNames = "false"
		Debug.AspNetCompiler.Debug = "True"
		Release.AspNetCompiler.VirtualPath = "/localhost_55481"
		Release.AspNetCompiler.PhysicalPath = "Junat_ryhmätyö_vko4\"
		Release.AspNetCompiler.TargetPath = "PrecompiledWeb\localhost_55481\"
		Release.AspNetCompiler.Updateable = "true"
		Release.AspNetCompiler.ForceOverwrite = "true"
		Release.AspNetCompiler.FixedNames = "false"
		Release.AspNetCompiler.Debug = "False"
		VWDPort = "55481"
		SlnRelativePath = "Junat_ryhmätyö_vko4\"
		DefaultWebSiteLanguage = "Visual C#"
	EndProjectSection
EndProject
Global
	GlobalSection(SolutionConfigurationPlatforms) = preSolution
		Debug|Any CPU = Debug|Any CPU
	EndGlobalSection
	GlobalSection(ProjectConfigurationPlatforms) = postSolution
		{09A3887A-F164-4F86-B2AF-FA5ED47E48ED}.Debug|Any CPU.ActiveCfg = Debug|Any CPU
		{09A3887A-F164-4F86-B2AF-FA5ED47E48ED}.Debug|Any CPU.Build.0 = Debug|Any CPU
	EndGlobalSection
	GlobalSection(SolutionProperties) = preSolution
		HideSolutionNode = FALSE
	EndGlobalSection
	GlobalSection(ExtensibilityGlobals) = postSolution
		SolutionGuid = {5634B35C-48CC-4F08-9B89-6B79CF2C8D25}
	EndGlobalSection
EndGlobal
